// !$*UTF8*$!
{
	archiveVersion = 1;
	classes = {
	};
	objectVersion = 50;
	objects = {

/* Begin PBXBuildFile section */
		1117193F256E391900857233 /* AppDelegate.swift in Sources */ = {isa = PBXBuildFile; fileRef = 1117193E256E391900857233 /* AppDelegate.swift */; };
		11171941256E391900857233 /* SceneDelegate.swift in Sources */ = {isa = PBXBuildFile; fileRef = 11171940256E391900857233 /* SceneDelegate.swift */; };
		11171943256E391900857233 /* SearchViewController.swift in Sources */ = {isa = PBXBuildFile; fileRef = 11171942256E391900857233 /* SearchViewController.swift */; };
		11171948256E391D00857233 /* Assets.xcassets in Resources */ = {isa = PBXBuildFile; fileRef = 11171947256E391D00857233 /* Assets.xcassets */; };
		1117194B256E391D00857233 /* LaunchScreen.storyboard in Resources */ = {isa = PBXBuildFile; fileRef = 11171949256E391D00857233 /* LaunchScreen.storyboard */; };
		11171954256E39A900857233 /* Main.storyboard in Resources */ = {isa = PBXBuildFile; fileRef = 11171953256E39A900857233 /* Main.storyboard */; };
		11171959256E3A2200857233 /* AlbumModel.swift in Sources */ = {isa = PBXBuildFile; fileRef = 11171958256E3A2200857233 /* AlbumModel.swift */; };
		1117195C256E3B8D00857233 /* AlbumViewController.swift in Sources */ = {isa = PBXBuildFile; fileRef = 1117195B256E3B8D00857233 /* AlbumViewController.swift */; };
		1117195F256E3CB300857233 /* AlbumCell.swift in Sources */ = {isa = PBXBuildFile; fileRef = 1117195E256E3CB300857233 /* AlbumCell.swift */; };
		11171962256E3D2F00857233 /* iTunesDataService.swift in Sources */ = {isa = PBXBuildFile; fileRef = 11171961256E3D2F00857233 /* iTunesDataService.swift */; };
		11171965256E3D6500857233 /* TrackCell.swift in Sources */ = {isa = PBXBuildFile; fileRef = 11171964256E3D6500857233 /* TrackCell.swift */; };
/* End PBXBuildFile section */

/* Begin PBXCopyFilesBuildPhase section */
		111719A8256F001500857233 /* Embed Frameworks */ = {
			isa = PBXCopyFilesBuildPhase;
			buildActionMask = 2147483647;
			dstPath = "";
			dstSubfolderSpec = 10;
			files = (
			);
			name = "Embed Frameworks";
			runOnlyForDeploymentPostprocessing = 0;
		};
/* End PBXCopyFilesBuildPhase section */

/* Begin PBXFileReference section */
		1117193B256E391900857233 /* iTunesAPI.app */ = {isa = PBXFileReference; explicitFileType = wrapper.application; includeInIndex = 0; path = iTunesAPI.app; sourceTree = BUILT_PRODUCTS_DIR; };
		1117193E256E391900857233 /* AppDelegate.swift */ = {isa = PBXFileReference; lastKnownFileType = sourcecode.swift; path = AppDelegate.swift; sourceTree = "<group>"; };
		11171940256E391900857233 /* SceneDelegate.swift */ = {isa = PBXFileReference; lastKnownFileType = sourcecode.swift; path = SceneDelegate.swift; sourceTree = "<group>"; };
		11171942256E391900857233 /* SearchViewController.swift */ = {isa = PBXFileReference; lastKnownFileType = sourcecode.swift; path = SearchViewController.swift; sourceTree = "<group>"; };
		11171947256E391D00857233 /* Assets.xcassets */ = {isa = PBXFileReference; lastKnownFileType = folder.assetcatalog; path = Assets.xcassets; sourceTree = "<group>"; };
		1117194A256E391D00857233 /* Base */ = {isa = PBXFileReference; lastKnownFileType = file.storyboard; name = Base; path = Base.lproj/LaunchScreen.storyboard; sourceTree = "<group>"; };
		1117194C256E391D00857233 /* Info.plist */ = {isa = PBXFileReference; lastKnownFileType = text.plist.xml; path = Info.plist; sourceTree = "<group>"; };
		11171953256E39A900857233 /* Main.storyboard */ = {isa = PBXFileReference; fileEncoding = 4; lastKnownFileType = file.storyboard; path = Main.storyboard; sourceTree = "<group>"; };
		11171958256E3A2200857233 /* AlbumModel.swift */ = {isa = PBXFileReference; lastKnownFileType = sourcecode.swift; path = AlbumModel.swift; sourceTree = "<group>"; };
		1117195B256E3B8D00857233 /* AlbumViewController.swift */ = {isa = PBXFileReference; lastKnownFileType = sourcecode.swift; path = AlbumViewController.swift; sourceTree = "<group>"; };
		1117195E256E3CB300857233 /* AlbumCell.swift */ = {isa = PBXFileReference; lastKnownFileType = sourcecode.swift; path = AlbumCell.swift; sourceTree = "<group>"; };
		11171961256E3D2F00857233 /* iTunesDataService.swift */ = {isa = PBXFileReference; lastKnownFileType = sourcecode.swift; path = iTunesDataService.swift; sourceTree = "<group>"; };
		11171964256E3D6500857233 /* TrackCell.swift */ = {isa = PBXFileReference; lastKnownFileType = sourcecode.swift; path = TrackCell.swift; sourceTree = "<group>"; };
/* End PBXFileReference section */

/* Begin PBXFrameworksBuildPhase section */
		11171938256E391900857233 /* Frameworks */ = {
			isa = PBXFrameworksBuildPhase;
			buildActionMask = 2147483647;
			files = (
			);
			runOnlyForDeploymentPostprocessing = 0;
		};
/* End PBXFrameworksBuildPhase section */

/* Begin PBXGroup section */
		11171932256E391900857233 = {
			isa = PBXGroup;
			children = (
				1117193D256E391900857233 /* iTunesAPI */,
				1117193C256E391900857233 /* Products */,
			);
			sourceTree = "<group>";
		};
		1117193C256E391900857233 /* Products */ = {
			isa = PBXGroup;
			children = (
				1117193B256E391900857233 /* iTunesAPI.app */,
			);
			name = Products;
			sourceTree = "<group>";
		};
		1117193D256E391900857233 /* iTunesAPI */ = {
			isa = PBXGroup;
			children = (
				11171982256EEA6900857233 /* App */,
				11171983256EEA8300857233 /* Views */,
				111719A1256EFEAF00857233 /* Model */,
				11171947256E391D00857233 /* Assets.xcassets */,
				11171949256E391D00857233 /* LaunchScreen.storyboard */,
				1117194C256E391D00857233 /* Info.plist */,
			);
			path = iTunesAPI;
			sourceTree = "<group>";
		};
		11171982256EEA6900857233 /* App */ = {
			isa = PBXGroup;
			children = (
				1117193E256E391900857233 /* AppDelegate.swift */,
				11171940256E391900857233 /* SceneDelegate.swift */,
				11171961256E3D2F00857233 /* iTunesDataService.swift */,
			);
			name = App;
			sourceTree = "<group>";
		};
		11171983256EEA8300857233 /* Views */ = {
			isa = PBXGroup;
			children = (
				11171942256E391900857233 /* SearchViewController.swift */,
				1117195E256E3CB300857233 /* AlbumCell.swift */,
				1117195B256E3B8D00857233 /* AlbumViewController.swift */,
				11171964256E3D6500857233 /* TrackCell.swift */,
				11171953256E39A900857233 /* Main.storyboard */,
			);
			name = Views;
			sourceTree = "<group>";
		};
		111719A1256EFEAF00857233 /* Model */ = {
			isa = PBXGroup;
			children = (
				11171958256E3A2200857233 /* AlbumModel.swift */,
			);
			name = Model;
			sourceTree = "<group>";
		};
/* End PBXGroup section */

/* Begin PBXNativeTarget section */
		1117193A256E391900857233 /* iTunesAPI */ = {
			isa = PBXNativeTarget;
			buildConfigurationList = 1117194F256E391D00857233 /* Build configuration list for PBXNativeTarget "iTunesAPI" */;
			buildPhases = (
				11171937256E391900857233 /* Sources */,
				11171938256E391900857233 /* Frameworks */,
				11171939256E391900857233 /* Resources */,
				111719A8256F001500857233 /* Embed Frameworks */,
			);
			buildRules = (
			);
			dependencies = (
			);
			name = iTunesAPI;
			productName = iTunesAPI;
			productReference = 1117193B256E391900857233 /* iTunesAPI.app */;
			productType = "com.apple.product-type.application";
		};
/* End PBXNativeTarget section */

/* Begin PBXProject section */
		11171933256E391900857233 /* Project object */ = {
			isa = PBXProject;
			attributes = {
				LastSwiftUpdateCheck = 1220;
				LastUpgradeCheck = 1220;
				TargetAttributes = {
					1117193A256E391900857233 = {
						CreatedOnToolsVersion = 12.2;
					};
				};
			};
			buildConfigurationList = 11171936256E391900857233 /* Build configuration list for PBXProject "iTunesAPI" */;
			compatibilityVersion = "Xcode 9.3";
			developmentRegion = en;
			hasScannedForEncodings = 0;
			knownRegions = (
				en,
				Base,
			);
			mainGroup = 11171932256E391900857233;
			productRefGroup = 1117193C256E391900857233 /* Products */;
			projectDirPath = "";
			projectRoot = "";
			targets = (
				1117193A256E391900857233 /* iTunesAPI */,
			);
		};
/* End PBXProject section */

/* Begin PBXResourcesBuildPhase section */
		11171939256E391900857233 /* Resources */ = {
			isa = PBXResourcesBuildPhase;
			buildActionMask = 2147483647;
			files = (
				1117194B256E391D00857233 /* LaunchScreen.storyboard in Resources */,
				11171948256E391D00857233 /* Assets.xcassets in Resources */,
				11171954256E39A900857233 /* Main.storyboard in Resources */,
			);
			runOnlyForDeploymentPostprocessing = 0;
		};
/* End PBXResourcesBuildPhase section */

/* Begin PBXSourcesBuildPhase section */
		11171937256E391900857233 /* Sources */ = {
			isa = PBXSourcesBuildPhase;
			buildActionMask = 2147483647;
			files = (
				11171965256E3D6500857233 /* TrackCell.swift in Sources */,
				11171943256E391900857233 /* SearchViewController.swift in Sources */,
				1117195C256E3B8D00857233 /* AlbumViewController.swift in Sources */,
				1117193F256E391900857233 /* AppDelegate.swift in Sources */,
				11171962256E3D2F00857233 /* iTunesDataService.swift in Sources */,
				11171941256E391900857233 /* SceneDelegate.swift in Sources */,
				11171959256E3A2200857233 /* AlbumModel.swift in Sources */,
				1117195F256E3CB300857233 /* AlbumCell.swift in Sources */,
			);
			runOnlyForDeploymentPostprocessing = 0;
		};
/* End PBXSourcesBuildPhase section */

/* Begin PBXVariantGroup section */
		11171949256E391D00857233 /* LaunchScreen.storyboard */ = {
			isa = PBXVariantGroup;
			children = (
				1117194A256E391D00857233 /* Base */,
			);
			name = LaunchScreen.storyboard;
			sourceTree = "<group>";
		};
/* End PBXVariantGroup section */

/* Begin XCBuildConfiguration section */
		1117194D256E391D00857233 /* Debug */ = {
			isa = XCBuildConfiguration;
			buildSettings = {
				ALWAYS_SEARCH_USER_PATHS = NO;
				CLANG_ANALYZER_NONNULL = YES;
				CLANG_ANALYZER_NUMBER_OBJECT_CONVERSION = YES_AGGRESSIVE;
				CLANG_CXX_LANGUAGE_STANDARD = "gnu++14";
				CLANG_CXX_LIBRARY = "libc++";
				CLANG_ENABLE_MODULES = YES;
				CLANG_ENABLE_OBJC_ARC = YES;
				CLANG_ENABLE_OBJC_WEAK = YES;
				CLANG_WARN_BLOCK_CAPTURE_AUTORELEASING = YES;
				CLANG_WARN_BOOL_CONVERSION = YES;
				CLANG_WARN_COMMA = YES;
				CLANG_WARN_CONSTANT_CONVERSION = YES;
				CLANG_WARN_DEPRECATED_OBJC_IMPLEMENTATIONS = YES;
				CLANG_WARN_DIRECT_OBJC_ISA_USAGE = YES_ERROR;
				CLANG_WARN_DOCUMENTATION_COMMENTS = YES;
				CLANG_WARN_EMPTY_BODY = YES;
				CLANG_WARN_ENUM_CONVERSION = YES;
				CLANG_WARN_INFINITE_RECURSION = YES;
				CLANG_WARN_INT_CONVERSION = YES;
				CLANG_WARN_NON_LITERAL_NULL_CONVERSION = YES;
				CLANG_WARN_OBJC_IMPLICIT_RETAIN_SELF = YES;
				CLANG_WARN_OBJC_LITERAL_CONVERSION = YES;
				CLANG_WARN_OBJC_ROOT_CLASS = YES_ERROR;
				CLANG_WARN_QUOTED_INCLUDE_IN_FRAMEWORK_HEADER = YES;
				CLANG_WARN_RANGE_LOOP_ANALYSIS = YES;
				CLANG_WARN_STRICT_PROTOTYPES = YES;
				CLANG_WARN_SUSPICIOUS_MOVE = YES;
				CLANG_WARN_UNGUARDED_AVAILABILITY = YES_AGGRESSIVE;
				CLANG_WARN_UNREACHABLE_CODE = YES;
				CLANG_WARN__DUPLICATE_METHOD_MATCH = YES;
				COPY_PHASE_STRIP = NO;
				DEBUG_INFORMATION_FORMAT = dwarf;
				ENABLE_STRICT_OBJC_MSGSEND = YES;
				ENABLE_TESTABILITY = YES;
				GCC_C_LANGUAGE_STANDARD = gnu11;
				GCC_DYNAMIC_NO_PIC = NO;
				GCC_NO_COMMON_BLOCKS = YES;
				GCC_OPTIMIZATION_LEVEL = 0;
				GCC_PREPROCESSOR_DEFINITIONS = (
					"DEBUG=1",
					"$(inherited)",
				);
				GCC_WARN_64_TO_32_BIT_CONVERSION = YES;
				GCC_WARN_ABOUT_RETURN_TYPE = YES_ERROR;
				GCC_WARN_UNDECLARED_SELECTOR = YES;
				GCC_WARN_UNINITIALIZED_AUTOS = YES_AGGRESSIVE;
				GCC_WARN_UNUSED_FUNCTION = YES;
				GCC_WARN_UNUSED_VARIABLE = YES;
				IPHONEOS_DEPLOYMENT_TARGET = 14.2;
				MTL_ENABLE_DEBUG_INFO = INCLUDE_SOURCE;
				MTL_FAST_MATH = YES;
				ONLY_ACTIVE_ARCH = YES;
				SDKROOT = iphoneos;
				SWIFT_ACTIVE_COMPILATION_CONDITIONS = DEBUG;
				SWIFT_OPTIMIZATION_LEVEL = "-Onone";
			};
			name = Debug;
		};
		1117194E256E391D00857233 /* Release */ = {
			isa = XCBuildConfiguration;
			buildSettings = {
				ALWAYS_SEARCH_USER_PATHS = NO;
				CLANG_ANALYZER_NONNULL = YES;
				CLANG_ANALYZER_NUMBER_OBJECT_CONVERSION = YES_AGGRESSIVE;
				CLANG_CXX_LANGUAGE_STANDARD = "gnu++14";
				CLANG_CXX_LIBRARY = "libc++";
				CLANG_ENABLE_MODULES = YES;
				CLANG_ENABLE_OBJC_ARC = YES;
				CLANG_ENABLE_OBJC_WEAK = YES;
				CLANG_WARN_BLOCK_CAPTURE_AUTORELEASING = YES;
				CLANG_WARN_BOOL_CONVERSION = YES;
				CLANG_WARN_COMMA = YES;
				CLANG_WARN_CONSTANT_CONVERSION = YES;
				CLANG_WARN_DEPRECATED_OBJC_IMPLEMENTATIONS = YES;
				CLANG_WARN_DIRECT_OBJC_ISA_USAGE = YES_ERROR;
				CLANG_WARN_DOCUMENTATION_COMMENTS = YES;
				CLANG_WARN_EMPTY_BODY = YES;
				CLANG_WARN_ENUM_CONVERSION = YES;
				CLANG_WARN_INFINITE_RECURSION = YES;
				CLANG_WARN_INT_CONVERSION = YES;
				CLANG_WARN_NON_LITERAL_NULL_CONVERSION = YES;
				CLANG_WARN_OBJC_IMPLICIT_RETAIN_SELF = YES;
				CLANG_WARN_OBJC_LITERAL_CONVERSION = YES;
				CLANG_WARN_OBJC_ROOT_CLASS = YES_ERROR;
				CLANG_WARN_QUOTED_INCLUDE_IN_FRAMEWORK_HEADER = YES;
				CLANG_WARN_RANGE_LOOP_ANALYSIS = YES;
				CLANG_WARN_STRICT_PROTOTYPES = YES;
				CLANG_WARN_SUSPICIOUS_MOVE = YES;
				CLANG_WARN_UNGUARDED_AVAILABILITY = YES_AGGRESSIVE;
				CLANG_WARN_UNREACHABLE_CODE = YES;
				CLANG_WARN__DUPLICATE_METHOD_MATCH = YES;
				COPY_PHASE_STRIP = NO;
				DEBUG_INFORMATION_FORMAT = "dwarf-with-dsym";
				ENABLE_NS_ASSERTIONS = NO;
				ENABLE_STRICT_OBJC_MSGSEND = YES;
				GCC_C_LANGUAGE_STANDARD = gnu11;
				GCC_NO_COMMON_BLOCKS = YES;
				GCC_WARN_64_TO_32_BIT_CONVERSION = YES;
				GCC_WARN_ABOUT_RETURN_TYPE = YES_ERROR;
				GCC_WARN_UNDECLARED_SELECTOR = YES;
				GCC_WARN_UNINITIALIZED_AUTOS = YES_AGGRESSIVE;
				GCC_WARN_UNUSED_FUNCTION = YES;
				GCC_WARN_UNUSED_VARIABLE = YES;
				IPHONEOS_DEPLOYMENT_TARGET = 14.2;
				MTL_ENABLE_DEBUG_INFO = NO;
				MTL_FAST_MATH = YES;
				SDKROOT = iphoneos;
				SWIFT_COMPILATION_MODE = wholemodule;
				SWIFT_OPTIMIZATION_LEVEL = "-O";
				VALIDATE_PRODUCT = YES;
			};
			name = Release;
		};
		11171950256E391D00857233 /* Debug */ = {
			isa = XCBuildConfiguration;
			buildSettings = {
				ASSETCATALOG_COMPILER_APPICON_NAME = AppIcon;
				ASSETCATALOG_COMPILER_GLOBAL_ACCENT_COLOR_NAME = AccentColor;
				CODE_SIGN_STYLE = Automatic;
				DEVELOPMENT_TEAM = UB936SP78M;
				INFOPLIST_FILE = iTunesAPI/Info.plist;
				LD_RUNPATH_SEARCH_PATHS = (
					"$(inherited)",
					"@executable_path/Frameworks",
				);
				PRODUCT_BUNDLE_IDENTIFIER = dev.funtik.iTunesAPI;
				PRODUCT_NAME = "$(TARGET_NAME)";
				SWIFT_VERSION = 5.0;
				TARGETED_DEVICE_FAMILY = "1,2";
			};
			name = Debug;
		};
		11171951256E391D00857233 /* Release */ = {
			isa = XCBuildConfiguration;
			buildSettings = {
				ASSETCATALOG_COMPILER_APPICON_NAME = AppIcon;
				ASSETCATALOG_COMPILER_GLOBAL_ACCENT_COLOR_NAME = AccentColor;
				CODE_SIGN_STYLE = Automatic;
				DEVELOPMENT_TEAM = UB936SP78M;
				INFOPLIST_FILE = iTunesAPI/Info.plist;
				LD_RUNPATH_SEARCH_PATHS = (
					"$(inherited)",
					"@executable_path/Frameworks",
				);
				PRODUCT_BUNDLE_IDENTIFIER = dev.funtik.iTunesAPI;
				PRODUCT_NAME = "$(TARGET_NAME)";
				SWIFT_VERSION = 5.0;
				TARGETED_DEVICE_FAMILY = "1,2";
			};
			name = Release;
		};
/* End XCBuildConfiguration section */

/* Begin XCConfigurationList section */
		11171936256E391900857233 /* Build configuration list for PBXProject "iTunesAPI" */ = {
			isa = XCConfigurationList;
			buildConfigurations = (
				1117194D256E391D00857233 /* Debug */,
				1117194E256E391D00857233 /* Release */,
			);
			defaultConfigurationIsVisible = 0;
			defaultConfigurationName = Release;
		};
		1117194F256E391D00857233 /* Build configuration list for PBXNativeTarget "iTunesAPI" */ = {
			isa = XCConfigurationList;
			buildConfigurations = (
				11171950256E391D00857233 /* Debug */,
				11171951256E391D00857233 /* Release */,
			);
			defaultConfigurationIsVisible = 0;
			defaultConfigurationName = Release;
		};
/* End XCConfigurationList section */
	};
	rootObject = 11171933256E391900857233 /* Project object */;
}
